{
  "name": "root",
  "requires": true,
  "lockfileVersion": 1,
  "dependencies": {
    "@babel/runtime": {
      "version": "7.12.5",
      "resolved": "http://npm.devops.xiaohongshu.com:7001/@babel/runtime/download/@babel/runtime-7.12.5.tgz",
      "integrity": "sha1-QQ5+SHRB4bNgwpvnFdhw2bmFiC4=",
      "requires": {
        "regenerator-runtime": "^0.13.4"
      }
    },
    "import-html-entry": {
      "version": "1.11.1",
      "resolved": "http://npm.devops.xiaohongshu.com:7001/import-html-entry/download/import-html-entry-1.11.1.tgz",
      "integrity": "sha1-PYxZd5Jr3RIquOZYllwQIGi0r40=",
      "requires": {
        "@babel/runtime": "^7.7.2"
      }
    },
    "lodash": {
      "version": "4.17.20",
      "resolved": "http://npm.devops.xiaohongshu.com:7001/lodash/download/lodash-4.17.20.tgz",
      "integrity": "sha1-tEqbYpe8tpjxxRo1RaKzs2jVnFI="
    },
    "qiankun": {
      "version": "2.3.6",
      "resolved": "http://npm.devops.xiaohongshu.com:7001/qiankun/download/qiankun-2.3.6.tgz",
      "integrity": "sha1-JIC6Qph0/gQBcUlMzAimhK6QRnY=",
      "requires": {
        "@babel/runtime": "^7.10.5",
        "import-html-entry": "^1.9.0",
        "lodash": "^4.17.11",
        "single-spa": "5.8.1",
        "tslib": "^1.10.0"
      }
    },
    "regenerator-runtime": {
      "version": "0.13.7",
      "resolved": "http://npm.devops.xiaohongshu.com:7001/regenerator-runtime/download/regenerator-runtime-0.13.7.tgz",
      "integrity": "sha1-ysLazIoepnX+qrrriugziYrkb1U="
    },
    "single-spa": {
      "version": "5.8.1",
      "resolved": "http://npm.devops.xiaohongshu.com:7001/single-spa/download/single-spa-5.8.1.tgz",
      "integrity": "sha1-hsJXXil+MdjwaUWUTsl+MYUaWa4="
    },
    "tslib": {
      "version": "1.14.1",
      "resolved": "http://npm.devops.xiaohongshu.com:7001/tslib/download/tslib-1.14.1.tgz",
      "integrity": "sha1-zy04vcNKE0vK8QkcQfZhni9nLQA="
    }
  }
}
